// !$*UTF8*$!
{
	archiveVersion = 1;
	classes = {
	};
	objectVersion = 56;
	objects = {

/* Begin PBXBuildFile section */
		A6F1AD8C2D6FC371007B08FF /* SwiftifyApp.swift in Sources */ = {isa = PBXBuildFile; fileRef = A6F1AD8B2D6FC371007B08FF /* SwiftifyApp.swift */; };
		A6F1AD8E2D6FC371007B08FF /* ContentView.swift in Sources */ = {isa = PBXBuildFile; fileRef = A6F1AD8D2D6FC371007B08FF /* ContentView.swift */; };
		A6F1AD922D6FC372007B08FF /* Assets.xcassets in Resources */ = {isa = PBXBuildFile; fileRef = A6F1AD912D6FC372007B08FF /* Assets.xcassets */; };
		A6F1AD952D6FC372007B08FF /* Preview Assets.xcassets in Resources */ = {isa = PBXBuildFile; fileRef = A6F1AD942D6FC372007B08FF /* Preview Assets.xcassets */; };
		A6F1ADC42D6FCEDA007B08FF /* Song.swift in Sources */ = {isa = PBXBuildFile; fileRef = A6F1ADC32D6FCEDA007B08FF /* Song.swift */; };
		A6F1ADC62D6FCEE9007B08FF /* Playlist.swift in Sources */ = {isa = PBXBuildFile; fileRef = A6F1ADC52D6FCEE9007B08FF /* Playlist.swift */; };
		A6F1ADC82D6FCEF5007B08FF /* AudioManager.swift in Sources */ = {isa = PBXBuildFile; fileRef = A6F1ADC72D6FCEF5007B08FF /* AudioManager.swift */; };
		A6F1ADCA2D6FCEFF007B08FF /* LibraryManager.swift in Sources */ = {isa = PBXBuildFile; fileRef = A6F1ADC92D6FCEFF007B08FF /* LibraryManager.swift */; };
		A6F1ADCD2D6FCF17007B08FF /* MainView.swift in Sources */ = {isa = PBXBuildFile; fileRef = A6F1ADCC2D6FCF17007B08FF /* MainView.swift */; };
		A6F1ADCF2D6FCF2B007B08FF /* SearchBarView.swift in Sources */ = {isa = PBXBuildFile; fileRef = A6F1ADCE2D6FCF2B007B08FF /* SearchBarView.swift */; };
		A6F1ADD12D6FCF36007B08FF /* LibraryView.swift in Sources */ = {isa = PBXBuildFile; fileRef = A6F1ADD02D6FCF36007B08FF /* LibraryView.swift */; };
		A6F1ADD32D6FCF42007B08FF /* SongRowView.swift in Sources */ = {isa = PBXBuildFile; fileRef = A6F1ADD22D6FCF42007B08FF /* SongRowView.swift */; };
		A6F1ADD52D6FCF50007B08FF /* PlaylistsView.swift in Sources */ = {isa = PBXBuildFile; fileRef = A6F1ADD42D6FCF50007B08FF /* PlaylistsView.swift */; };
		A6F1ADD72D6FCF5C007B08FF /* PlaylistDetailView.swift in Sources */ = {isa = PBXBuildFile; fileRef = A6F1ADD62D6FCF5C007B08FF /* PlaylistDetailView.swift */; };
		A6F1ADD92D6FCF6A007B08FF /* SongPickerDetailView.swift in Sources */ = {isa = PBXBuildFile; fileRef = A6F1ADD82D6FCF6A007B08FF /* SongPickerDetailView.swift */; };
		A6F1ADDB2D6FCF79007B08FF /* FavoritesView.swift in Sources */ = {isa = PBXBuildFile; fileRef = A6F1ADDA2D6FCF79007B08FF /* FavoritesView.swift */; };
		A6F1ADDD2D6FCF87007B08FF /* MiniPlayerView.swift in Sources */ = {isa = PBXBuildFile; fileRef = A6F1ADDC2D6FCF87007B08FF /* MiniPlayerView.swift */; };
		A6F1ADDF2D6FCF91007B08FF /* WaveformView.swift in Sources */ = {isa = PBXBuildFile; fileRef = A6F1ADDE2D6FCF91007B08FF /* WaveformView.swift */; };
		A6F1ADE12D6FCF9A007B08FF /* FullPlayerView.swift in Sources */ = {isa = PBXBuildFile; fileRef = A6F1ADE02D6FCF9A007B08FF /* FullPlayerView.swift */; };
		A6F1ADE42D6FCFC0007B08FF /* Double+Extensions.swift in Sources */ = {isa = PBXBuildFile; fileRef = A6F1ADE32D6FCFC0007B08FF /* Double+Extensions.swift */; };
		A6F1ADE62D6FDCD6007B08FF /* ButtonStyle+Extensions.swift in Sources */ = {isa = PBXBuildFile; fileRef = A6F1ADE52D6FDCD6007B08FF /* ButtonStyle+Extensions.swift */; };
/* End PBXBuildFile section */

/* Begin PBXContainerItemProxy section */
		A6F1AD9C2D6FC373007B08FF /* PBXContainerItemProxy */ = {
			isa = PBXContainerItemProxy;
			containerPortal = A6F1AD802D6FC371007B08FF /* Project object */;
			proxyType = 1;
			remoteGlobalIDString = A6F1AD872D6FC371007B08FF;
			remoteInfo = Swiftify;
		};
		A6F1ADA62D6FC373007B08FF /* PBXContainerItemProxy */ = {
			isa = PBXContainerItemProxy;
			containerPortal = A6F1AD802D6FC371007B08FF /* Project object */;
			proxyType = 1;
			remoteGlobalIDString = A6F1AD872D6FC371007B08FF;
			remoteInfo = Swiftify;
		};
/* End PBXContainerItemProxy section */

/* Begin PBXFileReference section */
		A6F1AD882D6FC371007B08FF /* Swiftify.app */ = {isa = PBXFileReference; explicitFileType = wrapper.application; includeInIndex = 0; path = Swiftify.app; sourceTree = BUILT_PRODUCTS_DIR; };
		A6F1AD8B2D6FC371007B08FF /* SwiftifyApp.swift */ = {isa = PBXFileReference; lastKnownFileType = sourcecode.swift; path = SwiftifyApp.swift; sourceTree = "<group>"; };
		A6F1AD8D2D6FC371007B08FF /* ContentView.swift */ = {isa = PBXFileReference; lastKnownFileType = sourcecode.swift; path = ContentView.swift; sourceTree = "<group>"; };
		A6F1AD912D6FC372007B08FF /* Assets.xcassets */ = {isa = PBXFileReference; lastKnownFileType = folder.assetcatalog; path = Assets.xcassets; sourceTree = "<group>"; };
		A6F1AD942D6FC372007B08FF /* Preview Assets.xcassets */ = {isa = PBXFileReference; lastKnownFileType = folder.assetcatalog; path = "Preview Assets.xcassets"; sourceTree = "<group>"; };
		A6F1AD962D6FC372007B08FF /* Swiftify.entitlements */ = {isa = PBXFileReference; lastKnownFileType = text.plist.entitlements; path = Swiftify.entitlements; sourceTree = "<group>"; };
		A6F1AD9B2D6FC373007B08FF /* SwiftifyTests.xctest */ = {isa = PBXFileReference; explicitFileType = wrapper.cfbundle; includeInIndex = 0; path = SwiftifyTests.xctest; sourceTree = BUILT_PRODUCTS_DIR; };
		A6F1ADA52D6FC373007B08FF /* SwiftifyUITests.xctest */ = {isa = PBXFileReference; explicitFileType = wrapper.cfbundle; includeInIndex = 0; path = SwiftifyUITests.xctest; sourceTree = BUILT_PRODUCTS_DIR; };
		A6F1ADC32D6FCEDA007B08FF /* Song.swift */ = {isa = PBXFileReference; lastKnownFileType = sourcecode.swift; path = Song.swift; sourceTree = "<group>"; };
		A6F1ADC52D6FCEE9007B08FF /* Playlist.swift */ = {isa = PBXFileReference; lastKnownFileType = sourcecode.swift; path = Playlist.swift; sourceTree = "<group>"; };
		A6F1ADC72D6FCEF5007B08FF /* AudioManager.swift */ = {isa = PBXFileReference; lastKnownFileType = sourcecode.swift; path = AudioManager.swift; sourceTree = "<group>"; };
		A6F1ADC92D6FCEFF007B08FF /* LibraryManager.swift */ = {isa = PBXFileReference; lastKnownFileType = sourcecode.swift; path = LibraryManager.swift; sourceTree = "<group>"; };
		A6F1ADCC2D6FCF17007B08FF /* MainView.swift */ = {isa = PBXFileReference; lastKnownFileType = sourcecode.swift; path = MainView.swift; sourceTree = "<group>"; };
		A6F1ADCE2D6FCF2B007B08FF /* SearchBarView.swift */ = {isa = PBXFileReference; lastKnownFileType = sourcecode.swift; path = SearchBarView.swift; sourceTree = "<group>"; };
		A6F1ADD02D6FCF36007B08FF /* LibraryView.swift */ = {isa = PBXFileReference; lastKnownFileType = sourcecode.swift; path = LibraryView.swift; sourceTree = "<group>"; };
		A6F1ADD22D6FCF42007B08FF /* SongRowView.swift */ = {isa = PBXFileReference; lastKnownFileType = sourcecode.swift; path = SongRowView.swift; sourceTree = "<group>"; };
		A6F1ADD42D6FCF50007B08FF /* PlaylistsView.swift */ = {isa = PBXFileReference; lastKnownFileType = sourcecode.swift; path = PlaylistsView.swift; sourceTree = "<group>"; };
		A6F1ADD62D6FCF5C007B08FF /* PlaylistDetailView.swift */ = {isa = PBXFileReference; lastKnownFileType = sourcecode.swift; path = PlaylistDetailView.swift; sourceTree = "<group>"; };
		A6F1ADD82D6FCF6A007B08FF /* SongPickerDetailView.swift */ = {isa = PBXFileReference; lastKnownFileType = sourcecode.swift; path = SongPickerDetailView.swift; sourceTree = "<group>"; };
		A6F1ADDA2D6FCF79007B08FF /* FavoritesView.swift */ = {isa = PBXFileReference; lastKnownFileType = sourcecode.swift; path = FavoritesView.swift; sourceTree = "<group>"; };
		A6F1ADDC2D6FCF87007B08FF /* MiniPlayerView.swift */ = {isa = PBXFileReference; lastKnownFileType = sourcecode.swift; path = MiniPlayerView.swift; sourceTree = "<group>"; };
		A6F1ADDE2D6FCF91007B08FF /* WaveformView.swift */ = {isa = PBXFileReference; lastKnownFileType = sourcecode.swift; path = WaveformView.swift; sourceTree = "<group>"; };
		A6F1ADE02D6FCF9A007B08FF /* FullPlayerView.swift */ = {isa = PBXFileReference; lastKnownFileType = sourcecode.swift; path = FullPlayerView.swift; sourceTree = "<group>"; };
		A6F1ADE32D6FCFC0007B08FF /* Double+Extensions.swift */ = {isa = PBXFileReference; lastKnownFileType = sourcecode.swift; path = "Double+Extensions.swift"; sourceTree = "<group>"; };
		A6F1ADE52D6FDCD6007B08FF /* ButtonStyle+Extensions.swift */ = {isa = PBXFileReference; lastKnownFileType = sourcecode.swift; path = "ButtonStyle+Extensions.swift"; sourceTree = "<group>"; };
/* End PBXFileReference section */

/* Begin PBXFrameworksBuildPhase section */
		A6F1AD852D6FC371007B08FF /* Frameworks */ = {
			isa = PBXFrameworksBuildPhase;
			buildActionMask = 2147483647;
			files = (
			);
			runOnlyForDeploymentPostprocessing = 0;
		};
		A6F1AD982D6FC373007B08FF /* Frameworks */ = {
			isa = PBXFrameworksBuildPhase;
			buildActionMask = 2147483647;
			files = (
			);
			runOnlyForDeploymentPostprocessing = 0;
		};
		A6F1ADA22D6FC373007B08FF /* Frameworks */ = {
			isa = PBXFrameworksBuildPhase;
			buildActionMask = 2147483647;
			files = (
			);
			runOnlyForDeploymentPostprocessing = 0;
		};
/* End PBXFrameworksBuildPhase section */

/* Begin PBXGroup section */
		A6F1AD7F2D6FC371007B08FF = {
			isa = PBXGroup;
			children = (
				A6F1AD8A2D6FC371007B08FF /* Swiftify */,
				A6F1AD892D6FC371007B08FF /* Products */,
			);
			sourceTree = "<group>";
		};
		A6F1AD892D6FC371007B08FF /* Products */ = {
			isa = PBXGroup;
			children = (
				A6F1AD882D6FC371007B08FF /* Swiftify.app */,
				A6F1AD9B2D6FC373007B08FF /* SwiftifyTests.xctest */,
				A6F1ADA52D6FC373007B08FF /* SwiftifyUITests.xctest */,
			);
			name = Products;
			sourceTree = "<group>";
		};
		A6F1AD8A2D6FC371007B08FF /* Swiftify */ = {
			isa = PBXGroup;
			children = (
				A6F1ADE22D6FCFAD007B08FF /* Extensions */,
				A6F1ADCB2D6FCF05007B08FF /* Views */,
				A6F1ADC22D6FCECE007B08FF /* Models */,
				A6F1AD8D2D6FC371007B08FF /* ContentView.swift */,
				A6F1AD8B2D6FC371007B08FF /* SwiftifyApp.swift */,
				A6F1AD912D6FC372007B08FF /* Assets.xcassets */,
				A6F1AD962D6FC372007B08FF /* Swiftify.entitlements */,
				A6F1AD932D6FC372007B08FF /* Preview Content */,
			);
			path = Swiftify;
			sourceTree = "<group>";
		};
		A6F1AD932D6FC372007B08FF /* Preview Content */ = {
			isa = PBXGroup;
			children = (
				A6F1AD942D6FC372007B08FF /* Preview Assets.xcassets */,
			);
			path = "Preview Content";
			sourceTree = "<group>";
		};
		A6F1ADC22D6FCECE007B08FF /* Models */ = {
			isa = PBXGroup;
			children = (
				A6F1ADC32D6FCEDA007B08FF /* Song.swift */,
				A6F1ADC52D6FCEE9007B08FF /* Playlist.swift */,
				A6F1ADC72D6FCEF5007B08FF /* AudioManager.swift */,
				A6F1ADC92D6FCEFF007B08FF /* LibraryManager.swift */,
			);
			path = Models;
			sourceTree = "<group>";
		};
		A6F1ADCB2D6FCF05007B08FF /* Views */ = {
			isa = PBXGroup;
			children = (
				A6F1ADCC2D6FCF17007B08FF /* MainView.swift */,
				A6F1ADCE2D6FCF2B007B08FF /* SearchBarView.swift */,
				A6F1ADD02D6FCF36007B08FF /* LibraryView.swift */,
				A6F1ADD22D6FCF42007B08FF /* SongRowView.swift */,
				A6F1ADD42D6FCF50007B08FF /* PlaylistsView.swift */,
				A6F1ADD62D6FCF5C007B08FF /* PlaylistDetailView.swift */,
				A6F1ADD82D6FCF6A007B08FF /* SongPickerDetailView.swift */,
				A6F1ADDA2D6FCF79007B08FF /* FavoritesView.swift */,
				A6F1ADDC2D6FCF87007B08FF /* MiniPlayerView.swift */,
				A6F1ADDE2D6FCF91007B08FF /* WaveformView.swift */,
				A6F1ADE02D6FCF9A007B08FF /* FullPlayerView.swift */,
			);
			path = Views;
			sourceTree = "<group>";
		};
		A6F1ADE22D6FCFAD007B08FF /* Extensions */ = {
			isa = PBXGroup;
			children = (
				A6F1ADE32D6FCFC0007B08FF /* Double+Extensions.swift */,
				A6F1ADE52D6FDCD6007B08FF /* ButtonStyle+Extensions.swift */,
			);
			path = Extensions;
			sourceTree = "<group>";
		};
/* End PBXGroup section */

/* Begin PBXNativeTarget section */
		A6F1AD872D6FC371007B08FF /* Swiftify */ = {
			isa = PBXNativeTarget;
			buildConfigurationList = A6F1ADAF2D6FC373007B08FF /* Build configuration list for PBXNativeTarget "Swiftify" */;
			buildPhases = (
				A6F1AD842D6FC371007B08FF /* Sources */,
				A6F1AD852D6FC371007B08FF /* Frameworks */,
				A6F1AD862D6FC371007B08FF /* Resources */,
			);
			buildRules = (
			);
			dependencies = (
			);
			name = Swiftify;
			productName = Swiftify;
			productReference = A6F1AD882D6FC371007B08FF /* Swiftify.app */;
			productType = "com.apple.product-type.application";
		};
		A6F1AD9A2D6FC373007B08FF /* SwiftifyTests */ = {
			isa = PBXNativeTarget;
			buildConfigurationList = A6F1ADB22D6FC373007B08FF /* Build configuration list for PBXNativeTarget "SwiftifyTests" */;
			buildPhases = (
				A6F1AD972D6FC373007B08FF /* Sources */,
				A6F1AD982D6FC373007B08FF /* Frameworks */,
				A6F1AD992D6FC373007B08FF /* Resources */,
			);
			buildRules = (
			);
			dependencies = (
				A6F1AD9D2D6FC373007B08FF /* PBXTargetDependency */,
			);
			name = SwiftifyTests;
			productName = SwiftifyTests;
			productReference = A6F1AD9B2D6FC373007B08FF /* SwiftifyTests.xctest */;
			productType = "com.apple.product-type.bundle.unit-test";
		};
		A6F1ADA42D6FC373007B08FF /* SwiftifyUITests */ = {
			isa = PBXNativeTarget;
			buildConfigurationList = A6F1ADB52D6FC373007B08FF /* Build configuration list for PBXNativeTarget "SwiftifyUITests" */;
			buildPhases = (
				A6F1ADA12D6FC373007B08FF /* Sources */,
				A6F1ADA22D6FC373007B08FF /* Frameworks */,
				A6F1ADA32D6FC373007B08FF /* Resources */,
			);
			buildRules = (
			);
			dependencies = (
				A6F1ADA72D6FC373007B08FF /* PBXTargetDependency */,
			);
			name = SwiftifyUITests;
			productName = SwiftifyUITests;
			productReference = A6F1ADA52D6FC373007B08FF /* SwiftifyUITests.xctest */;
			productType = "com.apple.product-type.bundle.ui-testing";
		};
/* End PBXNativeTarget section */

/* Begin PBXProject section */
		A6F1AD802D6FC371007B08FF /* Project object */ = {
			isa = PBXProject;
			attributes = {
				BuildIndependentTargetsInParallel = 1;
				LastSwiftUpdateCheck = 1540;
				LastUpgradeCheck = 1540;
				TargetAttributes = {
					A6F1AD872D6FC371007B08FF = {
						CreatedOnToolsVersion = 15.4;
					};
					A6F1AD9A2D6FC373007B08FF = {
						CreatedOnToolsVersion = 15.4;
						TestTargetID = A6F1AD872D6FC371007B08FF;
					};
					A6F1ADA42D6FC373007B08FF = {
						CreatedOnToolsVersion = 15.4;
						TestTargetID = A6F1AD872D6FC371007B08FF;
					};
				};
			};
			buildConfigurationList = A6F1AD832D6FC371007B08FF /* Build configuration list for PBXProject "Swiftify" */;
			compatibilityVersion = "Xcode 14.0";
			developmentRegion = en;
			hasScannedForEncodings = 0;
			knownRegions = (
				en,
				Base,
			);
			mainGroup = A6F1AD7F2D6FC371007B08FF;
			productRefGroup = A6F1AD892D6FC371007B08FF /* Products */;
			projectDirPath = "";
			projectRoot = "";
			targets = (
				A6F1AD872D6FC371007B08FF /* Swiftify */,
				A6F1AD9A2D6FC373007B08FF /* SwiftifyTests */,
				A6F1ADA42D6FC373007B08FF /* SwiftifyUITests */,
			);
		};
/* End PBXProject section */

/* Begin PBXResourcesBuildPhase section */
		A6F1AD862D6FC371007B08FF /* Resources */ = {
			isa = PBXResourcesBuildPhase;
			buildActionMask = 2147483647;
			files = (
				A6F1AD952D6FC372007B08FF /* Preview Assets.xcassets in Resources */,
				A6F1AD922D6FC372007B08FF /* Assets.xcassets in Resources */,
			);
			runOnlyForDeploymentPostprocessing = 0;
		};
		A6F1AD992D6FC373007B08FF /* Resources */ = {
			isa = PBXResourcesBuildPhase;
			buildActionMask = 2147483647;
			files = (
			);
			runOnlyForDeploymentPostprocessing = 0;
		};
		A6F1ADA32D6FC373007B08FF /* Resources */ = {
			isa = PBXResourcesBuildPhase;
			buildActionMask = 2147483647;
			files = (
			);
			runOnlyForDeploymentPostprocessing = 0;
		};
/* End PBXResourcesBuildPhase section */

/* Begin PBXSourcesBuildPhase section */
		A6F1AD842D6FC371007B08FF /* Sources */ = {
			isa = PBXSourcesBuildPhase;
			buildActionMask = 2147483647;
			files = (
				A6F1ADC82D6FCEF5007B08FF /* AudioManager.swift in Sources */,
				A6F1ADDF2D6FCF91007B08FF /* WaveformView.swift in Sources */,
				A6F1ADD32D6FCF42007B08FF /* SongRowView.swift in Sources */,
				A6F1ADCF2D6FCF2B007B08FF /* SearchBarView.swift in Sources */,
				A6F1ADE12D6FCF9A007B08FF /* FullPlayerView.swift in Sources */,
				A6F1ADCD2D6FCF17007B08FF /* MainView.swift in Sources */,
				A6F1ADDD2D6FCF87007B08FF /* MiniPlayerView.swift in Sources */,
				A6F1ADC42D6FCEDA007B08FF /* Song.swift in Sources */,
				A6F1ADDB2D6FCF79007B08FF /* FavoritesView.swift in Sources */,
				A6F1ADCA2D6FCEFF007B08FF /* LibraryManager.swift in Sources */,
				A6F1ADD52D6FCF50007B08FF /* PlaylistsView.swift in Sources */,
				A6F1ADE62D6FDCD6007B08FF /* ButtonStyle+Extensions.swift in Sources */,
				A6F1AD8E2D6FC371007B08FF /* ContentView.swift in Sources */,
				A6F1ADD92D6FCF6A007B08FF /* SongPickerDetailView.swift in Sources */,
				A6F1ADE42D6FCFC0007B08FF /* Double+Extensions.swift in Sources */,
				A6F1AD8C2D6FC371007B08FF /* SwiftifyApp.swift in Sources */,
				A6F1ADD12D6FCF36007B08FF /* LibraryView.swift in Sources */,
				A6F1ADC62D6FCEE9007B08FF /* Playlist.swift in Sources */,
				A6F1ADD72D6FCF5C007B08FF /* PlaylistDetailView.swift in Sources */,
			);
			runOnlyForDeploymentPostprocessing = 0;
		};
		A6F1AD972D6FC373007B08FF /* Sources */ = {
			isa = PBXSourcesBuildPhase;
			buildActionMask = 2147483647;
			files = (
			);
			runOnlyForDeploymentPostprocessing = 0;
		};
		A6F1ADA12D6FC373007B08FF /* Sources */ = {
			isa = PBXSourcesBuildPhase;
			buildActionMask = 2147483647;
			files = (
			);
			runOnlyForDeploymentPostprocessing = 0;
		};
/* End PBXSourcesBuildPhase section */

/* Begin PBXTargetDependency section */
		A6F1AD9D2D6FC373007B08FF /* PBXTargetDependency */ = {
			isa = PBXTargetDependency;
			target = A6F1AD872D6FC371007B08FF /* Swiftify */;
			targetProxy = A6F1AD9C2D6FC373007B08FF /* PBXContainerItemProxy */;
		};
		A6F1ADA72D6FC373007B08FF /* PBXTargetDependency */ = {
			isa = PBXTargetDependency;
			target = A6F1AD872D6FC371007B08FF /* Swiftify */;
			targetProxy = A6F1ADA62D6FC373007B08FF /* PBXContainerItemProxy */;
		};
/* End PBXTargetDependency section */

/* Begin XCBuildConfiguration section */
		A6F1ADAD2D6FC373007B08FF /* Debug */ = {
			isa = XCBuildConfiguration;
			buildSettings = {
				ALWAYS_SEARCH_USER_PATHS = NO;
				ASSETCATALOG_COMPILER_GENERATE_SWIFT_ASSET_SYMBOL_EXTENSIONS = YES;
				CLANG_ANALYZER_NONNULL = YES;
				CLANG_ANALYZER_NUMBER_OBJECT_CONVERSION = YES_AGGRESSIVE;
				CLANG_CXX_LANGUAGE_STANDARD = "gnu++20";
				CLANG_ENABLE_MODULES = YES;
				CLANG_ENABLE_OBJC_ARC = YES;
				CLANG_ENABLE_OBJC_WEAK = YES;
				CLANG_WARN_BLOCK_CAPTURE_AUTORELEASING = YES;
				CLANG_WARN_BOOL_CONVERSION = YES;
				CLANG_WARN_COMMA = YES;
				CLANG_WARN_CONSTANT_CONVERSION = YES;
				CLANG_WARN_DEPRECATED_OBJC_IMPLEMENTATIONS = YES;
				CLANG_WARN_DIRECT_OBJC_ISA_USAGE = YES_ERROR;
				CLANG_WARN_DOCUMENTATION_COMMENTS = YES;
				CLANG_WARN_EMPTY_BODY = YES;
				CLANG_WARN_ENUM_CONVERSION = YES;
				CLANG_WARN_INFINITE_RECURSION = YES;
				CLANG_WARN_INT_CONVERSION = YES;
				CLANG_WARN_NON_LITERAL_NULL_CONVERSION = YES;
				CLANG_WARN_OBJC_IMPLICIT_RETAIN_SELF = YES;
				CLANG_WARN_OBJC_LITERAL_CONVERSION = YES;
				CLANG_WARN_OBJC_ROOT_CLASS = YES_ERROR;
				CLANG_WARN_QUOTED_INCLUDE_IN_FRAMEWORK_HEADER = YES;
				CLANG_WARN_RANGE_LOOP_ANALYSIS = YES;
				CLANG_WARN_STRICT_PROTOTYPES = YES;
				CLANG_WARN_SUSPICIOUS_MOVE = YES;
				CLANG_WARN_UNGUARDED_AVAILABILITY = YES_AGGRESSIVE;
				CLANG_WARN_UNREACHABLE_CODE = YES;
				CLANG_WARN__DUPLICATE_METHOD_MATCH = YES;
				COPY_PHASE_STRIP = NO;
				DEBUG_INFORMATION_FORMAT = dwarf;
				ENABLE_STRICT_OBJC_MSGSEND = YES;
				ENABLE_TESTABILITY = YES;
				ENABLE_USER_SCRIPT_SANDBOXING = YES;
				GCC_C_LANGUAGE_STANDARD = gnu17;
				GCC_DYNAMIC_NO_PIC = NO;
				GCC_NO_COMMON_BLOCKS = YES;
				GCC_OPTIMIZATION_LEVEL = 0;
				GCC_PREPROCESSOR_DEFINITIONS = (
					"DEBUG=1",
					"$(inherited)",
				);
				GCC_WARN_64_TO_32_BIT_CONVERSION = YES;
				GCC_WARN_ABOUT_RETURN_TYPE = YES_ERROR;
				GCC_WARN_UNDECLARED_SELECTOR = YES;
				GCC_WARN_UNINITIALIZED_AUTOS = YES_AGGRESSIVE;
				GCC_WARN_UNUSED_FUNCTION = YES;
				GCC_WARN_UNUSED_VARIABLE = YES;
				LOCALIZATION_PREFERS_STRING_CATALOGS = YES;
				MACOSX_DEPLOYMENT_TARGET = 14.0;
				MTL_ENABLE_DEBUG_INFO = INCLUDE_SOURCE;
				MTL_FAST_MATH = YES;
				ONLY_ACTIVE_ARCH = YES;
				SDKROOT = macosx;
				SWIFT_ACTIVE_COMPILATION_CONDITIONS = "DEBUG $(inherited)";
				SWIFT_OPTIMIZATION_LEVEL = "-Onone";
			};
			name = Debug;
		};
		A6F1ADAE2D6FC373007B08FF /* Release */ = {
			isa = XCBuildConfiguration;
			buildSettings = {
				ALWAYS_SEARCH_USER_PATHS = NO;
				ASSETCATALOG_COMPILER_GENERATE_SWIFT_ASSET_SYMBOL_EXTENSIONS = YES;
				CLANG_ANALYZER_NONNULL = YES;
				CLANG_ANALYZER_NUMBER_OBJECT_CONVERSION = YES_AGGRESSIVE;
				CLANG_CXX_LANGUAGE_STANDARD = "gnu++20";
				CLANG_ENABLE_MODULES = YES;
				CLANG_ENABLE_OBJC_ARC = YES;
				CLANG_ENABLE_OBJC_WEAK = YES;
				CLANG_WARN_BLOCK_CAPTURE_AUTORELEASING = YES;
				CLANG_WARN_BOOL_CONVERSION = YES;
				CLANG_WARN_COMMA = YES;
				CLANG_WARN_CONSTANT_CONVERSION = YES;
				CLANG_WARN_DEPRECATED_OBJC_IMPLEMENTATIONS = YES;
				CLANG_WARN_DIRECT_OBJC_ISA_USAGE = YES_ERROR;
				CLANG_WARN_DOCUMENTATION_COMMENTS = YES;
				CLANG_WARN_EMPTY_BODY = YES;
				CLANG_WARN_ENUM_CONVERSION = YES;
				CLANG_WARN_INFINITE_RECURSION = YES;
				CLANG_WARN_INT_CONVERSION = YES;
				CLANG_WARN_NON_LITERAL_NULL_CONVERSION = YES;
				CLANG_WARN_OBJC_IMPLICIT_RETAIN_SELF = YES;
				CLANG_WARN_OBJC_LITERAL_CONVERSION = YES;
				CLANG_WARN_OBJC_ROOT_CLASS = YES_ERROR;
				CLANG_WARN_QUOTED_INCLUDE_IN_FRAMEWORK_HEADER = YES;
				CLANG_WARN_RANGE_LOOP_ANALYSIS = YES;
				CLANG_WARN_STRICT_PROTOTYPES = YES;
				CLANG_WARN_SUSPICIOUS_MOVE = YES;
				CLANG_WARN_UNGUARDED_AVAILABILITY = YES_AGGRESSIVE;
				CLANG_WARN_UNREACHABLE_CODE = YES;
				CLANG_WARN__DUPLICATE_METHOD_MATCH = YES;
				COPY_PHASE_STRIP = NO;
				DEBUG_INFORMATION_FORMAT = "dwarf-with-dsym";
				ENABLE_NS_ASSERTIONS = NO;
				ENABLE_STRICT_OBJC_MSGSEND = YES;
				ENABLE_USER_SCRIPT_SANDBOXING = YES;
				GCC_C_LANGUAGE_STANDARD = gnu17;
				GCC_NO_COMMON_BLOCKS = YES;
				GCC_WARN_64_TO_32_BIT_CONVERSION = YES;
				GCC_WARN_ABOUT_RETURN_TYPE = YES_ERROR;
				GCC_WARN_UNDECLARED_SELECTOR = YES;
				GCC_WARN_UNINITIALIZED_AUTOS = YES_AGGRESSIVE;
				GCC_WARN_UNUSED_FUNCTION = YES;
				GCC_WARN_UNUSED_VARIABLE = YES;
				LOCALIZATION_PREFERS_STRING_CATALOGS = YES;
				MACOSX_DEPLOYMENT_TARGET = 14.0;
				MTL_ENABLE_DEBUG_INFO = NO;
				MTL_FAST_MATH = YES;
				SDKROOT = macosx;
				SWIFT_COMPILATION_MODE = wholemodule;
			};
			name = Release;
		};
		A6F1ADB02D6FC373007B08FF /* Debug */ = {
			isa = XCBuildConfiguration;
			buildSettings = {
				ASSETCATALOG_COMPILER_APPICON_NAME = AppIcon;
				ASSETCATALOG_COMPILER_GLOBAL_ACCENT_COLOR_NAME = AccentColor;
				CODE_SIGN_ENTITLEMENTS = Swiftify/Swiftify.entitlements;
				"CODE_SIGN_IDENTITY[sdk=macosx*]" = "Apple Development";
				CODE_SIGN_STYLE = Automatic;
				COMBINE_HIDPI_IMAGES = YES;
				CURRENT_PROJECT_VERSION = 1;
				DEVELOPMENT_ASSET_PATHS = "\"Swiftify/Preview Content\"";
				DEVELOPMENT_TEAM = 757RTD9YQR;
				ENABLE_HARDENED_RUNTIME = YES;
				ENABLE_PREVIEWS = YES;
				GENERATE_INFOPLIST_FILE = YES;
				INFOPLIST_KEY_NSHumanReadableCopyright = "";
				LD_RUNPATH_SEARCH_PATHS = (
					"$(inherited)",
					"@executable_path/../Frameworks",
				);
				MACOSX_DEPLOYMENT_TARGET = 14.0;
				MARKETING_VERSION = 1.0;
				PRODUCT_BUNDLE_IDENTIFIER = Al.Swiftify;
				PRODUCT_NAME = "$(TARGET_NAME)";
				SWIFT_EMIT_LOC_STRINGS = YES;
				SWIFT_VERSION = 5.0;
			};
			name = Debug;
		};
		A6F1ADB12D6FC373007B08FF /* Release */ = {
			isa = XCBuildConfiguration;
			buildSettings = {
				ASSETCATALOG_COMPILER_APPICON_NAME = AppIcon;
				ASSETCATALOG_COMPILER_GLOBAL_ACCENT_COLOR_NAME = AccentColor;
				CODE_SIGN_ENTITLEMENTS = Swiftify/Swiftify.entitlements;
				"CODE_SIGN_IDENTITY[sdk=macosx*]" = "Apple Development";
				CODE_SIGN_STYLE = Automatic;
				COMBINE_HIDPI_IMAGES = YES;
				CURRENT_PROJECT_VERSION = 1;
				DEVELOPMENT_ASSET_PATHS = "\"Swiftify/Preview Content\"";
				DEVELOPMENT_TEAM = 757RTD9YQR;
				ENABLE_HARDENED_RUNTIME = YES;
				ENABLE_PREVIEWS = YES;
				GENERATE_INFOPLIST_FILE = YES;
				INFOPLIST_KEY_NSHumanReadableCopyright = "";
				LD_RUNPATH_SEARCH_PATHS = (
					"$(inherited)",
					"@executable_path/../Frameworks",
				);
				MACOSX_DEPLOYMENT_TARGET = 14.0;
				MARKETING_VERSION = 1.0;
				PRODUCT_BUNDLE_IDENTIFIER = Al.Swiftify;
				PRODUCT_NAME = "$(TARGET_NAME)";
				SWIFT_EMIT_LOC_STRINGS = YES;
				SWIFT_VERSION = 5.0;
			};
			name = Release;
		};
		A6F1ADB32D6FC373007B08FF /* Debug */ = {
			isa = XCBuildConfiguration;
			buildSettings = {
				ALWAYS_EMBED_SWIFT_STANDARD_LIBRARIES = YES;
				BUNDLE_LOADER = "$(TEST_HOST)";
				CODE_SIGN_STYLE = Automatic;
				CURRENT_PROJECT_VERSION = 1;
				DEVELOPMENT_TEAM = 757RTD9YQR;
				GENERATE_INFOPLIST_FILE = YES;
				MACOSX_DEPLOYMENT_TARGET = 14.0;
				MARKETING_VERSION = 1.0;
				PRODUCT_BUNDLE_IDENTIFIER = Al.SwiftifyTests;
				PRODUCT_NAME = "$(TARGET_NAME)";
				SWIFT_EMIT_LOC_STRINGS = NO;
				SWIFT_VERSION = 5.0;
				TEST_HOST = "$(BUILT_PRODUCTS_DIR)/Swiftify.app/$(BUNDLE_EXECUTABLE_FOLDER_PATH)/Swiftify";
			};
			name = Debug;
		};
		A6F1ADB42D6FC373007B08FF /* Release */ = {
			isa = XCBuildConfiguration;
			buildSettings = {
				ALWAYS_EMBED_SWIFT_STANDARD_LIBRARIES = YES;
				BUNDLE_LOADER = "$(TEST_HOST)";
				CODE_SIGN_STYLE = Automatic;
				CURRENT_PROJECT_VERSION = 1;
				DEVELOPMENT_TEAM = 757RTD9YQR;
				GENERATE_INFOPLIST_FILE = YES;
				MACOSX_DEPLOYMENT_TARGET = 14.0;
				MARKETING_VERSION = 1.0;
				PRODUCT_BUNDLE_IDENTIFIER = Al.SwiftifyTests;
				PRODUCT_NAME = "$(TARGET_NAME)";
				SWIFT_EMIT_LOC_STRINGS = NO;
				SWIFT_VERSION = 5.0;
				TEST_HOST = "$(BUILT_PRODUCTS_DIR)/Swiftify.app/$(BUNDLE_EXECUTABLE_FOLDER_PATH)/Swiftify";
			};
			name = Release;
		};
		A6F1ADB62D6FC373007B08FF /* Debug */ = {
			isa = XCBuildConfiguration;
			buildSettings = {
				ALWAYS_EMBED_SWIFT_STANDARD_LIBRARIES = YES;
				CODE_SIGN_STYLE = Automatic;
				CURRENT_PROJECT_VERSION = 1;
				DEVELOPMENT_TEAM = 757RTD9YQR;
				GENERATE_INFOPLIST_FILE = YES;
				MARKETING_VERSION = 1.0;
				PRODUCT_BUNDLE_IDENTIFIER = Al.SwiftifyUITests;
				PRODUCT_NAME = "$(TARGET_NAME)";
				SWIFT_EMIT_LOC_STRINGS = NO;
				SWIFT_VERSION = 5.0;
				TEST_TARGET_NAME = Swiftify;
			};
			name = Debug;
		};
		A6F1ADB72D6FC373007B08FF /* Release */ = {
			isa = XCBuildConfiguration;
			buildSettings = {
				ALWAYS_EMBED_SWIFT_STANDARD_LIBRARIES = YES;
				CODE_SIGN_STYLE = Automatic;
				CURRENT_PROJECT_VERSION = 1;
				DEVELOPMENT_TEAM = 757RTD9YQR;
				GENERATE_INFOPLIST_FILE = YES;
				MARKETING_VERSION = 1.0;
				PRODUCT_BUNDLE_IDENTIFIER = Al.SwiftifyUITests;
				PRODUCT_NAME = "$(TARGET_NAME)";
				SWIFT_EMIT_LOC_STRINGS = NO;
				SWIFT_VERSION = 5.0;
				TEST_TARGET_NAME = Swiftify;
			};
			name = Release;
		};
/* End XCBuildConfiguration section */

/* Begin XCConfigurationList section */
		A6F1AD832D6FC371007B08FF /* Build configuration list for PBXProject "Swiftify" */ = {
			isa = XCConfigurationList;
			buildConfigurations = (
				A6F1ADAD2D6FC373007B08FF /* Debug */,
				A6F1ADAE2D6FC373007B08FF /* Release */,
			);
			defaultConfigurationIsVisible = 0;
			defaultConfigurationName = Release;
		};
		A6F1ADAF2D6FC373007B08FF /* Build configuration list for PBXNativeTarget "Swiftify" */ = {
			isa = XCConfigurationList;
			buildConfigurations = (
				A6F1ADB02D6FC373007B08FF /* Debug */,
				A6F1ADB12D6FC373007B08FF /* Release */,
			);
			defaultConfigurationIsVisible = 0;
			defaultConfigurationName = Release;
		};
		A6F1ADB22D6FC373007B08FF /* Build configuration list for PBXNativeTarget "SwiftifyTests" */ = {
			isa = XCConfigurationList;
			buildConfigurations = (
				A6F1ADB32D6FC373007B08FF /* Debug */,
				A6F1ADB42D6FC373007B08FF /* Release */,
			);
			defaultConfigurationIsVisible = 0;
			defaultConfigurationName = Release;
		};
		A6F1ADB52D6FC373007B08FF /* Build configuration list for PBXNativeTarget "SwiftifyUITests" */ = {
			isa = XCConfigurationList;
			buildConfigurations = (
				A6F1ADB62D6FC373007B08FF /* Debug */,
				A6F1ADB72D6FC373007B08FF /* Release */,
			);
			defaultConfigurationIsVisible = 0;
			defaultConfigurationName = Release;
		};
/* End XCConfigurationList section */
	};
	rootObject = A6F1AD802D6FC371007B08FF /* Project object */;
}
